
Microsoft Visual Studio Solution File, Format Version 12.00
# Visual Studio Version 17
VisualStudioVersion = 17.8.34525.116
MinimumVisualStudioVersion = 10.0.40219.1
Project("{FAE04EC0-301F-11D3-BF4B-00C04F79EFBC}") = "tx-ng-loading-docs.Server", "tx-ng-loading-docs.Server\tx-ng-loading-docs.Server.csproj", "{1A9FC114-674A-4006-BF47-40BF2531DE27}"
EndProject
Project("{54A90642-561A-4BB1-A94E-469ADEE60C69}") = "tx-ng-loading-docs.client", "tx-ng-loading-docs.client\tx-ng-loading-docs.client.esproj", "{E6F28D60-09C4-4B5E-AC10-5921CBFB6FDA}"
EndProject
Global
	GlobalSection(SolutionConfigurationPlatforms) = preSolution
		Debug|Any CPU = Debug|Any CPU
		Release|Any CPU = Release|Any CPU
	EndGlobalSection
	GlobalSection(ProjectConfigurationPlatforms) = postSolution
		{1A9FC114-674A-4006-BF47-40BF2531DE27}.Debug|Any CPU.ActiveCfg = Debug|Any CPU
		{1A9FC114-674A-4006-BF47-40BF2531DE27}.Debug|Any CPU.Build.0 = Debug|Any CPU
		{1A9FC114-674A-4006-BF47-40BF2531DE27}.Release|Any CPU.ActiveCfg = Release|Any CPU
		{1A9FC114-674A-4006-BF47-40BF2531DE27}.Release|Any CPU.Build.0 = Release|Any CPU
		{E6F28D60-09C4-4B5E-AC10-5921CBFB6FDA}.Debug|Any CPU.ActiveCfg = Debug|Any CPU
		{E6F28D60-09C4-4B5E-AC10-5921CBFB6FDA}.Debug|Any CPU.Build.0 = Debug|Any CPU
		{E6F28D60-09C4-4B5E-AC10-5921CBFB6FDA}.Debug|Any CPU.Deploy.0 = Debug|Any CPU
		{E6F28D60-09C4-4B5E-AC10-5921CBFB6FDA}.Release|Any CPU.ActiveCfg = Release|Any CPU
		{E6F28D60-09C4-4B5E-AC10-5921CBFB6FDA}.Release|Any CPU.Build.0 = Release|Any CPU
		{E6F28D60-09C4-4B5E-AC10-5921CBFB6FDA}.Release|Any CPU.Deploy.0 = Release|Any CPU
	EndGlobalSection
	GlobalSection(SolutionProperties) = preSolution
		HideSolutionNode = FALSE
	EndGlobalSection
	GlobalSection(ExtensibilityGlobals) = postSolution
		SolutionGuid = {795BDCDA-FD04-4CDF-9764-91121EF7AFBB}
	EndGlobalSection
EndGlobal
